<?xml version="1.0" encoding="utf-8"?>
<Project ToolsVersion="4.0" xmlns="http://schemas.microsoft.com/developer/msbuild/2003">
  <ItemGroup>
    <Filter Include="シェーダー">
      <UniqueIdentifier>{00916228-a97a-4c22-9059-75008f053f50}</UniqueIdentifier>
    </Filter>
    <Filter Include="Direct3D">
      <UniqueIdentifier>{617ec195-6973-441e-92b8-7f7185d5027f}</UniqueIdentifier>
    </Filter>
    <Filter Include="Direct3D\ソース ファイル">
      <UniqueIdentifier>{4FC737F1-C7A5-4376-A066-2A32D752A2FF}</UniqueIdentifier>
      <Extensions>cpp;c;cc;cxx;c++;cppm;ixx;def;odl;idl;hpj;bat;asm;asmx</Extensions>
    </Filter>
    <Filter Include="Direct3D\ヘッダー ファイル">
      <UniqueIdentifier>{93995380-89BD-4b04-88EB-625FBE52EBFB}</UniqueIdentifier>
      <Extensions>h;hh;hpp;hxx;h++;hm;inl;inc;ipp;xsd</Extensions>
    </Filter>
    <Filter Include="LifeCycle">
      <UniqueIdentifier>{fac2b517-e64d-410f-adf3-1a11c8b34f69}</UniqueIdentifier>
    </Filter>
    <Filter Include="LifeCycle\ヘッダーファイル">
      <UniqueIdentifier>{870c0610-3221-45fc-b9ed-8e57d8e15613}</UniqueIdentifier>
    </Filter>
    <Filter Include="LifeCycle\ソースファイル">
      <UniqueIdentifier>{cc3dabe8-111a-4d13-a3da-feffb9a64cb1}</UniqueIdentifier>
    </Filter>
    <Filter Include="開発シーン">
      <UniqueIdentifier>{8f335912-6b66-4a97-8ab9-e3e58da5d84e}</UniqueIdentifier>
    </Filter>
    <Filter Include="Scene">
      <UniqueIdentifier>{08e39333-8e4e-4f55-973d-00f2c7793cb3}</UniqueIdentifier>
    </Filter>
    <Filter Include="ResourceManagement">
      <UniqueIdentifier>{9e69db3c-d220-408b-8e92-cfa91dd899e1}</UniqueIdentifier>
    </Filter>
    <Filter Include="ResourceManagement\ヘッダーファイル">
      <UniqueIdentifier>{b73d217c-a895-43d6-a9b4-2c13fc36fde9}</UniqueIdentifier>
    </Filter>
    <Filter Include="ResourceManagement\ソースファイル">
      <UniqueIdentifier>{805f62fd-f5b5-498a-b0dd-b0f8edc9b6e2}</UniqueIdentifier>
    </Filter>
    <Filter Include="Rendering">
      <UniqueIdentifier>{8345fce2-46a6-49fc-b429-e76b7f64cd8e}</UniqueIdentifier>
    </Filter>
    <Filter Include="Rendering\ソースファイル">
      <UniqueIdentifier>{96b47cab-5d2d-4c34-98f0-a89f4d965418}</UniqueIdentifier>
    </Filter>
    <Filter Include="Rendering\ヘッダーファイル">
      <UniqueIdentifier>{41cb3291-57ad-4769-a2d9-54f113f5c2ca}</UniqueIdentifier>
    </Filter>
    <Filter Include="Physics">
      <UniqueIdentifier>{2db7d675-47b7-44c5-9a8b-80234a3544a0}</UniqueIdentifier>
    </Filter>
    <Filter Include="Physics\ソースファイル">
      <UniqueIdentifier>{286e8595-7949-4938-a2dc-a8506e924ec6}</UniqueIdentifier>
    </Filter>
    <Filter Include="Physics\ヘッダーファイル">
      <UniqueIdentifier>{1ba06aaf-a080-4db4-b950-c2dc8ff0a6b3}</UniqueIdentifier>
    </Filter>
    <Filter Include="Core">
      <UniqueIdentifier>{f25d6195-3182-4615-8558-172ad5dc5b98}</UniqueIdentifier>
    </Filter>
  </ItemGroup>
  <ItemGroup>
    <ClCompile Include="src\direct3D\debug_text.cpp">
      <Filter>Direct3D\ソース ファイル</Filter>
    </ClCompile>
    <ClCompile Include="src\direct3D\system_timer.cpp">
      <Filter>Direct3D\ソース ファイル</Filter>
    </ClCompile>
    <ClCompile Include="src\direct3D\WICTextureLoader11.cpp">
      <Filter>Direct3D\ソース ファイル</Filter>
    </ClCompile>
    <ClCompile Include="src\lifecycle\gameobject.cpp">
      <Filter>LifeCycle\ソースファイル</Filter>
    </ClCompile>
    <ClCompile Include="src\lifecycle\scene.cpp">
      <Filter>LifeCycle\ソースファイル</Filter>
    </ClCompile>
    <ClCompile Include="src\direct3D\direct3d_RTV.cpp">
      <Filter>Direct3D\ソース ファイル</Filter>
    </ClCompile>
    <ClCompile Include="src\direct3D\direct3d_device.cpp">
      <Filter>Direct3D\ソース ファイル</Filter>
    </ClCompile>
    <ClCompile Include="src\lifecycle\object.cpp">
      <Filter>LifeCycle\ソースファイル</Filter>
    </ClCompile>
    <ClCompile Include="src\lifecycle\component.cpp">
      <Filter>LifeCycle\ソースファイル</Filter>
    </ClCompile>
    <ClCompile Include="src\physics\physicssystem.cpp">
      <Filter>Physics\ソースファイル</Filter>
    </ClCompile>
    <ClCompile Include="dev_scene\kageyama.cpp">
      <Filter>開発シーン</Filter>
    </ClCompile>
    <ClCompile Include="src\resourcemanagement\constant_buffer.cpp">
      <Filter>ResourceManagement\ソースファイル</Filter>
    </ClCompile>
    <ClCompile Include="src\resourcemanagement\material.cpp">
      <Filter>ResourceManagement\ソースファイル</Filter>
    </ClCompile>
    <ClCompile Include="src\resourcemanagement\material_factory.cpp">
      <Filter>ResourceManagement\ソースファイル</Filter>
    </ClCompile>
    <ClCompile Include="src\resourcemanagement\mesh.cpp">
      <Filter>ResourceManagement\ソースファイル</Filter>
    </ClCompile>
    <ClCompile Include="src\resourcemanagement\mesh_factory.cpp">
      <Filter>ResourceManagement\ソースファイル</Filter>
    </ClCompile>
    <ClCompile Include="src\resourcemanagement\model.cpp">
      <Filter>ResourceManagement\ソースファイル</Filter>
    </ClCompile>
    <ClCompile Include="src\resourcemanagement\model_factory.cpp">
      <Filter>ResourceManagement\ソースファイル</Filter>
    </ClCompile>
    <ClCompile Include="src\resourcemanagement\resource.cpp">
      <Filter>ResourceManagement\ソースファイル</Filter>
    </ClCompile>
    <ClCompile Include="src\resourcemanagement\resource_manager.cpp">
      <Filter>ResourceManagement\ソースファイル</Filter>
    </ClCompile>
    <ClCompile Include="src\resourcemanagement\shader.cpp">
      <Filter>ResourceManagement\ソースファイル</Filter>
    </ClCompile>
    <ClCompile Include="src\resourcemanagement\shader_factory.cpp">
      <Filter>ResourceManagement\ソースファイル</Filter>
    </ClCompile>
    <ClCompile Include="src\resourcemanagement\texture.cpp">
      <Filter>ResourceManagement\ソースファイル</Filter>
    </ClCompile>
    <ClCompile Include="src\resourcemanagement\texture_factory.cpp">
      <Filter>ResourceManagement\ソースファイル</Filter>
    </ClCompile>
    <ClCompile Include="src\rendering\material_property_block.cpp">
      <Filter>Rendering\ソースファイル</Filter>
    </ClCompile>
    <ClCompile Include="src\rendering\mesh_renderer.cpp">
      <Filter>Rendering\ソースファイル</Filter>
    </ClCompile>
    <ClCompile Include="src\rendering\property_block.cpp">
      <Filter>Rendering\ソースファイル</Filter>
    </ClCompile>
    <ClCompile Include="src\rendering\render_system.cpp">
      <Filter>Rendering\ソースファイル</Filter>
    </ClCompile>
    <ClCompile Include="src\lifecycle\gameloop.cpp">
      <Filter>LifeCycle\ソースファイル</Filter>
    </ClCompile>
    <ClCompile Include="src\lifecycle\scene_manager.cpp">
      <Filter>Rendering\ソースファイル</Filter>
    </ClCompile>
    <ClCompile Include="src\core\main.cpp">
      <Filter>Core</Filter>
    </ClCompile>
  </ItemGroup>
  <ItemGroup>
    <ClInclude Include="include\direct3D\debug_text.h">
      <Filter>Direct3D\ヘッダー ファイル</Filter>
    </ClInclude>
    <ClInclude Include="include\direct3D\system_timer.h">
      <Filter>Direct3D\ヘッダー ファイル</Filter>
    </ClInclude>
    <ClInclude Include="include\direct3D\WICTextureLoader11.h">
      <Filter>Direct3D\ヘッダー ファイル</Filter>
    </ClInclude>
    <ClInclude Include="include\physics\collider.h">
      <Filter>Physics\ヘッダーファイル</Filter>
    </ClInclude>
    <ClInclude Include="include\physics\physicssystem.h">
      <Filter>Physics\ヘッダーファイル</Filter>
    </ClInclude>
    <ClInclude Include="include\physics\rigidbody.h">
      <Filter>Physics\ヘッダーファイル</Filter>
    </ClInclude>
    <ClInclude Include="include\physics\transform.h">
      <Filter>Physics\ヘッダーファイル</Filter>
    </ClInclude>
    <ClInclude Include="include\physics.h">
      <Filter>Physics</Filter>
    </ClInclude>
    <ClInclude Include="include\lifecycle\component.h">
      <Filter>LifeCycle\ヘッダーファイル</Filter>
    </ClInclude>
    <ClInclude Include="include\lifecycle\gameobject.h">
      <Filter>LifeCycle\ヘッダーファイル</Filter>
    </ClInclude>
    <ClInclude Include="include\lifecycle\scene.h">
      <Filter>LifeCycle\ヘッダーファイル</Filter>
    </ClInclude>
    <ClInclude Include="include\lifecycle\time.h">
      <Filter>LifeCycle\ヘッダーファイル</Filter>
    </ClInclude>
    <ClInclude Include="include\lifecycle.h">
      <Filter>LifeCycle</Filter>
    </ClInclude>
    <ClInclude Include="include\scene\kageyama.h">
      <Filter>Scene</Filter>
    </ClInclude>
    <ClInclude Include="include\direct3D\direct3d_device.h">
      <Filter>Direct3D\ヘッダー ファイル</Filter>
    </ClInclude>
    <ClInclude Include="include\direct3D\direct3d_RTV.h">
      <Filter>Direct3D\ヘッダー ファイル</Filter>
    </ClInclude>
    <ClInclude Include="include\lifecycle\object.h">
      <Filter>LifeCycle\ヘッダーファイル</Filter>
    </ClInclude>
    <ClInclude Include="include\resource_management.h">
      <Filter>ResourceManagement</Filter>
    </ClInclude>
    <ClInclude Include="include\resourcemanagement\constant_buffer.h">
      <Filter>ResourceManagement\ヘッダーファイル</Filter>
    </ClInclude>
    <ClInclude Include="include\resourcemanagement\material.h">
      <Filter>ResourceManagement\ヘッダーファイル</Filter>
    </ClInclude>
    <ClInclude Include="include\resourcemanagement\material_factory.h">
      <Filter>ResourceManagement\ヘッダーファイル</Filter>
    </ClInclude>
    <ClInclude Include="include\resourcemanagement\mesh.h">
      <Filter>ResourceManagement\ヘッダーファイル</Filter>
    </ClInclude>
    <ClInclude Include="include\resourcemanagement\mesh_factory.h">
      <Filter>ResourceManagement\ヘッダーファイル</Filter>
    </ClInclude>
    <ClInclude Include="include\resourcemanagement\model.h">
      <Filter>ResourceManagement\ヘッダーファイル</Filter>
    </ClInclude>
    <ClInclude Include="include\resourcemanagement\model_factory.h">
      <Filter>ResourceManagement\ヘッダーファイル</Filter>
    </ClInclude>
    <ClInclude Include="include\resourcemanagement\resource.h">
      <Filter>ResourceManagement\ヘッダーファイル</Filter>
    </ClInclude>
    <ClInclude Include="include\resourcemanagement\resource_manager.h">
      <Filter>ResourceManagement\ヘッダーファイル</Filter>
    </ClInclude>
    <ClInclude Include="include\resourcemanagement\shader.h">
      <Filter>ResourceManagement\ヘッダーファイル</Filter>
    </ClInclude>
    <ClInclude Include="include\resourcemanagement\shader_factory.h">
      <Filter>ResourceManagement\ヘッダーファイル</Filter>
    </ClInclude>
    <ClInclude Include="include\resourcemanagement\texture.h">
      <Filter>ResourceManagement\ヘッダーファイル</Filter>
    </ClInclude>
    <ClInclude Include="include\resourcemanagement\texture_factory.h">
      <Filter>ResourceManagement\ヘッダーファイル</Filter>
    </ClInclude>
    <ClInclude Include="include\rendering\material_property_block.h">
      <Filter>Rendering\ヘッダーファイル</Filter>
    </ClInclude>
    <ClInclude Include="include\rendering\mesh_renderer.h">
      <Filter>Rendering\ヘッダーファイル</Filter>
    </ClInclude>
    <ClInclude Include="include\rendering\property_block.h">
      <Filter>Rendering\ヘッダーファイル</Filter>
    </ClInclude>
    <ClInclude Include="include\rendering\render_system.h">
      <Filter>Rendering\ヘッダーファイル</Filter>
    </ClInclude>
    <ClInclude Include="include\rendering.h">
      <Filter>Rendering</Filter>
    </ClInclude>
    <ClInclude Include="include\lifecycle\gameloop.h">
      <Filter>LifeCycle\ヘッダーファイル</Filter>
    </ClInclude>
    <ClInclude Include="include\rendering\camera.h">
      <Filter>Rendering\ヘッダーファイル</Filter>
    </ClInclude>
    <ClInclude Include="include\lifecycle\scene_manager.h">
      <Filter>Rendering\ヘッダーファイル</Filter>
    </ClInclude>
    <ClInclude Include="include\direct3d.h">
      <Filter>Direct3D</Filter>
    </ClInclude>
  </ItemGroup>
  <ItemGroup>
    <FxCompile Include="shaders\hlsl\PixelShader2D.hlsl">
      <Filter>シェーダー</Filter>
    </FxCompile>
    <FxCompile Include="shaders\hlsl\PS_3D_Default.hlsl">
      <Filter>シェーダー</Filter>
    </FxCompile>
    <FxCompile Include="shaders\hlsl\VertexShader2D.hlsl">
      <Filter>シェーダー</Filter>
    </FxCompile>
    <FxCompile Include="shaders\hlsl\VS_3D_Default.hlsl">
      <Filter>シェーダー</Filter>
    </FxCompile>
  </ItemGroup>
</Project>